
Microsoft Visual Studio Solution File, Format Version 12.00
# Visual Studio for Mac
Project("{FAE04EC0-301F-11D3-BF4B-00C04F79EFBC}") = "Assembly-CSharp", "Assembly-CSharp.csproj", "{F825F8CA-84A3-0445-C75B-6E674B78B1EA}"
EndProject
Global
	GlobalSection(SolutionConfigurationPlatforms) = preSolution
		Debug|Any CPU = Debug|Any CPU
		Release|Any CPU = Release|Any CPU
	EndGlobalSection
	GlobalSection(ProjectConfigurationPlatforms) = postSolution
		{F825F8CA-84A3-0445-C75B-6E674B78B1EA}.Debug|Any CPU.ActiveCfg = Debug|Any CPU
		{F825F8CA-84A3-0445-C75B-6E674B78B1EA}.Debug|Any CPU.Build.0 = Debug|Any CPU
		{F825F8CA-84A3-0445-C75B-6E674B78B1EA}.Release|Any CPU.ActiveCfg = Release|Any CPU
		{F825F8CA-84A3-0445-C75B-6E674B78B1EA}.Release|Any CPU.Build.0 = Release|Any CPU
	EndGlobalSection
	GlobalSection(SolutionProperties) = preSolution
		HideSolutionNode = FALSE
	EndGlobalSection
EndGlobal
